
Microsoft Visual Studio Solution File, Format Version 12.00
# Visual Studio Version 16
VisualStudioVersion = 16.0.30517.126
MinimumVisualStudioVersion = 10.0.40219.1
Project("{2150E333-8FDC-42A3-9474-1A3956D46DE8}") = "UI", "UI", "{F0C4F98B-E3D7-400F-93FD-D0732062C57D}"
EndProject
Project("{9A19103F-16F7-4668-BE54-9A1E7A4F7556}") = "Xl.Core.API", "Xl.Core.API\Xl.Core.API.csproj", "{6F959EE6-45E5-400A-85CD-9919087D9FAA}"
EndProject
Project("{2150E333-8FDC-42A3-9474-1A3956D46DE8}") = "Common", "Common", "{68D941ED-BFAA-4F97-BC49-8B35AFBBEAB7}"
EndProject
Project("{9A19103F-16F7-4668-BE54-9A1E7A4F7556}") = "Xl.Core.UniversalCommon", "Xl.Core.UniversalCommon\Xl.Core.UniversalCommon.csproj", "{DABBECBD-62F9-43BA-9835-1A91A910B54A}"
EndProject
Project("{2150E333-8FDC-42A3-9474-1A3956D46DE8}") = "Service", "Service", "{292ADE05-7D19-4550-A806-891793EA5BAA}"
EndProject
Project("{9A19103F-16F7-4668-BE54-9A1E7A4F7556}") = "Xl.Core.ArchiveService", "Xl.Core.ArchiveService\Xl.Core.ArchiveService.csproj", "{A295D5CE-06D0-46F5-9D9C-3197576BA091}"
EndProject
Project("{9A19103F-16F7-4668-BE54-9A1E7A4F7556}") = "Xl.Core.SmartTask", "Xl.Core.SmartTask\Xl.Core.SmartTask.csproj", "{59577916-C14D-473A-BE5B-59297317301C}"
EndProject
Project("{2150E333-8FDC-42A3-9474-1A3956D46DE8}") = "Model", "Model", "{DD2B1DAD-9869-4C0B-A0B3-297B8EB2AD21}"
EndProject
Project("{9A19103F-16F7-4668-BE54-9A1E7A4F7556}") = "Xl.Core.DomainModel", "Xl.Core.DomainModel\Xl.Core.DomainModel.csproj", "{C4211C8F-E2FA-4EB8-98F2-958ECCA7B5E1}"
EndProject
Project("{2150E333-8FDC-42A3-9474-1A3956D46DE8}") = "DataDb", "DataDb", "{18DEE277-A719-44AB-8160-0B9A103BE343}"
EndProject
Project("{9A19103F-16F7-4668-BE54-9A1E7A4F7556}") = "Xl.Core.DbSession", "Xl.Core.IDb\Xl.Core.DbSession.csproj", "{F4435EF3-7547-40A4-ACEF-3AED6448AF8F}"
EndProject
Project("{2150E333-8FDC-42A3-9474-1A3956D46DE8}") = "Repository", "Repository", "{D65A90A3-E9C0-439A-8890-E6C0DFEFB33D}"
EndProject
Project("{9A19103F-16F7-4668-BE54-9A1E7A4F7556}") = "Xl.Core.Repository", "Xl.Core.Repository\Xl.Core.Repository.csproj", "{72AEFBF8-06C0-4C6A-A334-5D359CAA0D44}"
EndProject
Project("{9A19103F-16F7-4668-BE54-9A1E7A4F7556}") = "Xl.Core.CommunicationService", "Xl.Core.CommunicationService\Xl.Core.CommunicationService.csproj", "{67A17EA1-509F-4889-AFE6-5F686BB0D966}"
EndProject
Global
	GlobalSection(SolutionConfigurationPlatforms) = preSolution
		Debug|Any CPU = Debug|Any CPU
		Release|Any CPU = Release|Any CPU
	EndGlobalSection
	GlobalSection(ProjectConfigurationPlatforms) = postSolution
		{6F959EE6-45E5-400A-85CD-9919087D9FAA}.Debug|Any CPU.ActiveCfg = Debug|Any CPU
		{6F959EE6-45E5-400A-85CD-9919087D9FAA}.Debug|Any CPU.Build.0 = Debug|Any CPU
		{6F959EE6-45E5-400A-85CD-9919087D9FAA}.Release|Any CPU.ActiveCfg = Release|Any CPU
		{6F959EE6-45E5-400A-85CD-9919087D9FAA}.Release|Any CPU.Build.0 = Release|Any CPU
		{DABBECBD-62F9-43BA-9835-1A91A910B54A}.Debug|Any CPU.ActiveCfg = Debug|Any CPU
		{DABBECBD-62F9-43BA-9835-1A91A910B54A}.Debug|Any CPU.Build.0 = Debug|Any CPU
		{DABBECBD-62F9-43BA-9835-1A91A910B54A}.Release|Any CPU.ActiveCfg = Release|Any CPU
		{DABBECBD-62F9-43BA-9835-1A91A910B54A}.Release|Any CPU.Build.0 = Release|Any CPU
		{A295D5CE-06D0-46F5-9D9C-3197576BA091}.Debug|Any CPU.ActiveCfg = Debug|Any CPU
		{A295D5CE-06D0-46F5-9D9C-3197576BA091}.Debug|Any CPU.Build.0 = Debug|Any CPU
		{A295D5CE-06D0-46F5-9D9C-3197576BA091}.Release|Any CPU.ActiveCfg = Release|Any CPU
		{A295D5CE-06D0-46F5-9D9C-3197576BA091}.Release|Any CPU.Build.0 = Release|Any CPU
		{59577916-C14D-473A-BE5B-59297317301C}.Debug|Any CPU.ActiveCfg = Debug|Any CPU
		{59577916-C14D-473A-BE5B-59297317301C}.Debug|Any CPU.Build.0 = Debug|Any CPU
		{59577916-C14D-473A-BE5B-59297317301C}.Release|Any CPU.ActiveCfg = Release|Any CPU
		{59577916-C14D-473A-BE5B-59297317301C}.Release|Any CPU.Build.0 = Release|Any CPU
		{C4211C8F-E2FA-4EB8-98F2-958ECCA7B5E1}.Debug|Any CPU.ActiveCfg = Debug|Any CPU
		{C4211C8F-E2FA-4EB8-98F2-958ECCA7B5E1}.Debug|Any CPU.Build.0 = Debug|Any CPU
		{C4211C8F-E2FA-4EB8-98F2-958ECCA7B5E1}.Release|Any CPU.ActiveCfg = Release|Any CPU
		{C4211C8F-E2FA-4EB8-98F2-958ECCA7B5E1}.Release|Any CPU.Build.0 = Release|Any CPU
		{F4435EF3-7547-40A4-ACEF-3AED6448AF8F}.Debug|Any CPU.ActiveCfg = Debug|Any CPU
		{F4435EF3-7547-40A4-ACEF-3AED6448AF8F}.Debug|Any CPU.Build.0 = Debug|Any CPU
		{F4435EF3-7547-40A4-ACEF-3AED6448AF8F}.Release|Any CPU.ActiveCfg = Release|Any CPU
		{F4435EF3-7547-40A4-ACEF-3AED6448AF8F}.Release|Any CPU.Build.0 = Release|Any CPU
		{72AEFBF8-06C0-4C6A-A334-5D359CAA0D44}.Debug|Any CPU.ActiveCfg = Debug|Any CPU
		{72AEFBF8-06C0-4C6A-A334-5D359CAA0D44}.Debug|Any CPU.Build.0 = Debug|Any CPU
		{72AEFBF8-06C0-4C6A-A334-5D359CAA0D44}.Release|Any CPU.ActiveCfg = Release|Any CPU
		{72AEFBF8-06C0-4C6A-A334-5D359CAA0D44}.Release|Any CPU.Build.0 = Release|Any CPU
		{67A17EA1-509F-4889-AFE6-5F686BB0D966}.Debug|Any CPU.ActiveCfg = Debug|Any CPU
		{67A17EA1-509F-4889-AFE6-5F686BB0D966}.Debug|Any CPU.Build.0 = Debug|Any CPU
		{67A17EA1-509F-4889-AFE6-5F686BB0D966}.Release|Any CPU.ActiveCfg = Release|Any CPU
		{67A17EA1-509F-4889-AFE6-5F686BB0D966}.Release|Any CPU.Build.0 = Release|Any CPU
	EndGlobalSection
	GlobalSection(SolutionProperties) = preSolution
		HideSolutionNode = FALSE
	EndGlobalSection
	GlobalSection(NestedProjects) = preSolution
		{6F959EE6-45E5-400A-85CD-9919087D9FAA} = {F0C4F98B-E3D7-400F-93FD-D0732062C57D}
		{DABBECBD-62F9-43BA-9835-1A91A910B54A} = {68D941ED-BFAA-4F97-BC49-8B35AFBBEAB7}
		{A295D5CE-06D0-46F5-9D9C-3197576BA091} = {292ADE05-7D19-4550-A806-891793EA5BAA}
		{59577916-C14D-473A-BE5B-59297317301C} = {F0C4F98B-E3D7-400F-93FD-D0732062C57D}
		{C4211C8F-E2FA-4EB8-98F2-958ECCA7B5E1} = {DD2B1DAD-9869-4C0B-A0B3-297B8EB2AD21}
		{F4435EF3-7547-40A4-ACEF-3AED6448AF8F} = {18DEE277-A719-44AB-8160-0B9A103BE343}
		{72AEFBF8-06C0-4C6A-A334-5D359CAA0D44} = {D65A90A3-E9C0-439A-8890-E6C0DFEFB33D}
		{67A17EA1-509F-4889-AFE6-5F686BB0D966} = {292ADE05-7D19-4550-A806-891793EA5BAA}
	EndGlobalSection
	GlobalSection(ExtensibilityGlobals) = postSolution
		SolutionGuid = {7D848824-C596-43E7-8A1B-1ABBB7A4431E}
	EndGlobalSection
EndGlobal
